// !$*UTF8*$!
{
	archiveVersion = 1;
	classes = {
	};
	objectVersion = 56;
	objects = {

/* Begin PBXBuildFile section */
		6EC1EE2429E07687000DA70F /* AppDelegate.swift in Sources */ = {isa = PBXBuildFile; fileRef = 6EC1EE2329E07687000DA70F /* AppDelegate.swift */; };
		6EC1EE2629E07687000DA70F /* NekoViewController.swift in Sources */ = {isa = PBXBuildFile; fileRef = 6EC1EE2529E07687000DA70F /* NekoViewController.swift */; };
		6EC1EE2829E07688000DA70F /* Assets.xcassets in Resources */ = {isa = PBXBuildFile; fileRef = 6EC1EE2729E07688000DA70F /* Assets.xcassets */; };
		6EC1EE2B29E07688000DA70F /* Main.storyboard in Resources */ = {isa = PBXBuildFile; fileRef = 6EC1EE2929E07688000DA70F /* Main.storyboard */; };
		6EC1EE3329E0777E000DA70F /* NekoPanel.swift in Sources */ = {isa = PBXBuildFile; fileRef = 6EC1EE3229E0777E000DA70F /* NekoPanel.swift */; };
		6EC1EE5529E07D29000DA70F /* up1.gif in Resources */ = {isa = PBXBuildFile; fileRef = 6EC1EE3529E07D28000DA70F /* up1.gif */; };
		6EC1EE5629E07D29000DA70F /* dwleft1.gif in Resources */ = {isa = PBXBuildFile; fileRef = 6EC1EE3629E07D28000DA70F /* dwleft1.gif */; };
		6EC1EE5729E07D29000DA70F /* left2.gif in Resources */ = {isa = PBXBuildFile; fileRef = 6EC1EE3729E07D28000DA70F /* left2.gif */; };
		6EC1EE5829E07D29000DA70F /* upright2.gif in Resources */ = {isa = PBXBuildFile; fileRef = 6EC1EE3829E07D28000DA70F /* upright2.gif */; };
		6EC1EE5929E07D29000DA70F /* upleft2.gif in Resources */ = {isa = PBXBuildFile; fileRef = 6EC1EE3929E07D28000DA70F /* upleft2.gif */; };
		6EC1EE5A29E07D29000DA70F /* down2.gif in Resources */ = {isa = PBXBuildFile; fileRef = 6EC1EE3A29E07D28000DA70F /* down2.gif */; };
		6EC1EE5B29E07D29000DA70F /* kaki1.gif in Resources */ = {isa = PBXBuildFile; fileRef = 6EC1EE3B29E07D28000DA70F /* kaki1.gif */; };
		6EC1EE5C29E07D29000DA70F /* mati2.gif in Resources */ = {isa = PBXBuildFile; fileRef = 6EC1EE3C29E07D28000DA70F /* mati2.gif */; };
		6EC1EE5D29E07D29000DA70F /* ltogi2.gif in Resources */ = {isa = PBXBuildFile; fileRef = 6EC1EE3D29E07D28000DA70F /* ltogi2.gif */; };
		6EC1EE5E29E07D29000DA70F /* dtogi2.gif in Resources */ = {isa = PBXBuildFile; fileRef = 6EC1EE3E29E07D28000DA70F /* dtogi2.gif */; };
		6EC1EE5F29E07D29000DA70F /* utogi2.gif in Resources */ = {isa = PBXBuildFile; fileRef = 6EC1EE3F29E07D28000DA70F /* utogi2.gif */; };
		6EC1EE6029E07D29000DA70F /* left1.gif in Resources */ = {isa = PBXBuildFile; fileRef = 6EC1EE4029E07D28000DA70F /* left1.gif */; };
		6EC1EE6129E07D29000DA70F /* awake.gif in Resources */ = {isa = PBXBuildFile; fileRef = 6EC1EE4129E07D28000DA70F /* awake.gif */; };
		6EC1EE6229E07D29000DA70F /* right2.gif in Resources */ = {isa = PBXBuildFile; fileRef = 6EC1EE4229E07D28000DA70F /* right2.gif */; };
		6EC1EE6329E07D29000DA70F /* ltogi1.gif in Resources */ = {isa = PBXBuildFile; fileRef = 6EC1EE4329E07D28000DA70F /* ltogi1.gif */; };
		6EC1EE6429E07D29000DA70F /* up2.gif in Resources */ = {isa = PBXBuildFile; fileRef = 6EC1EE4429E07D29000DA70F /* up2.gif */; };
		6EC1EE6529E07D29000DA70F /* kaki2.gif in Resources */ = {isa = PBXBuildFile; fileRef = 6EC1EE4529E07D29000DA70F /* kaki2.gif */; };
		6EC1EE6629E07D29000DA70F /* utogi1.gif in Resources */ = {isa = PBXBuildFile; fileRef = 6EC1EE4629E07D29000DA70F /* utogi1.gif */; };
		6EC1EE6729E07D29000DA70F /* jare2.gif in Resources */ = {isa = PBXBuildFile; fileRef = 6EC1EE4729E07D29000DA70F /* jare2.gif */; };
		6EC1EE6829E07D29000DA70F /* dtogi1.gif in Resources */ = {isa = PBXBuildFile; fileRef = 6EC1EE4829E07D29000DA70F /* dtogi1.gif */; };
		6EC1EE6929E07D29000DA70F /* mati3.gif in Resources */ = {isa = PBXBuildFile; fileRef = 6EC1EE4929E07D29000DA70F /* mati3.gif */; };
		6EC1EE6A29E07D29000DA70F /* down1.gif in Resources */ = {isa = PBXBuildFile; fileRef = 6EC1EE4A29E07D29000DA70F /* down1.gif */; };
		6EC1EE6B29E07D29000DA70F /* right1.gif in Resources */ = {isa = PBXBuildFile; fileRef = 6EC1EE4B29E07D29000DA70F /* right1.gif */; };
		6EC1EE6C29E07D29000DA70F /* sleep1.gif in Resources */ = {isa = PBXBuildFile; fileRef = 6EC1EE4C29E07D29000DA70F /* sleep1.gif */; };
		6EC1EE6D29E07D29000DA70F /* upright1.gif in Resources */ = {isa = PBXBuildFile; fileRef = 6EC1EE4D29E07D29000DA70F /* upright1.gif */; };
		6EC1EE6E29E07D29000DA70F /* sleep2.gif in Resources */ = {isa = PBXBuildFile; fileRef = 6EC1EE4E29E07D29000DA70F /* sleep2.gif */; };
		6EC1EE6F29E07D29000DA70F /* dwleft2.gif in Resources */ = {isa = PBXBuildFile; fileRef = 6EC1EE4F29E07D29000DA70F /* dwleft2.gif */; };
		6EC1EE7029E07D29000DA70F /* dwright2.gif in Resources */ = {isa = PBXBuildFile; fileRef = 6EC1EE5029E07D29000DA70F /* dwright2.gif */; };
		6EC1EE7129E07D29000DA70F /* rtogi1.gif in Resources */ = {isa = PBXBuildFile; fileRef = 6EC1EE5129E07D29000DA70F /* rtogi1.gif */; };
		6EC1EE7229E07D29000DA70F /* rtogi2.gif in Resources */ = {isa = PBXBuildFile; fileRef = 6EC1EE5229E07D29000DA70F /* rtogi2.gif */; };
		6EC1EE7329E07D29000DA70F /* upleft1.gif in Resources */ = {isa = PBXBuildFile; fileRef = 6EC1EE5329E07D29000DA70F /* upleft1.gif */; };
		6EC1EE7429E07D29000DA70F /* dwright1.gif in Resources */ = {isa = PBXBuildFile; fileRef = 6EC1EE5429E07D29000DA70F /* dwright1.gif */; };
		6EC1EE7629E093C3000DA70F /* NekoView.swift in Sources */ = {isa = PBXBuildFile; fileRef = 6EC1EE7529E093C3000DA70F /* NekoView.swift */; };
		6EF1115929E124BC006A7F18 /* NekoImages.swift in Sources */ = {isa = PBXBuildFile; fileRef = 6EF1115829E124BC006A7F18 /* NekoImages.swift */; };
		6EF1115B29E12707006A7F18 /* NekoState.swift in Sources */ = {isa = PBXBuildFile; fileRef = 6EF1115A29E12707006A7F18 /* NekoState.swift */; };
		6EF1115D29E1F972006A7F18 /* Neko.icns in Resources */ = {isa = PBXBuildFile; fileRef = 6EF1115C29E1F972006A7F18 /* Neko.icns */; };
		6EF1116129E1FD10006A7F18 /* Info.plist in Resources */ = {isa = PBXBuildFile; fileRef = 6EF1116029E1FD10006A7F18 /* Info.plist */; };
		6EF1116429E2129C006A7F18 /* NekoNotifications.swift in Sources */ = {isa = PBXBuildFile; fileRef = 6EF1116229E211FC006A7F18 /* NekoNotifications.swift */; };
/* End PBXBuildFile section */

/* Begin PBXFileReference section */
		6EC1EE2029E07687000DA70F /* Neko-Swift.app */ = {isa = PBXFileReference; explicitFileType = wrapper.application; includeInIndex = 0; path = "Neko-Swift.app"; sourceTree = BUILT_PRODUCTS_DIR; };
		6EC1EE2329E07687000DA70F /* AppDelegate.swift */ = {isa = PBXFileReference; lastKnownFileType = sourcecode.swift; path = AppDelegate.swift; sourceTree = "<group>"; };
		6EC1EE2529E07687000DA70F /* NekoViewController.swift */ = {isa = PBXFileReference; lastKnownFileType = sourcecode.swift; path = NekoViewController.swift; sourceTree = "<group>"; };
		6EC1EE2729E07688000DA70F /* Assets.xcassets */ = {isa = PBXFileReference; lastKnownFileType = folder.assetcatalog; path = Assets.xcassets; sourceTree = "<group>"; };
		6EC1EE2A29E07688000DA70F /* Base */ = {isa = PBXFileReference; lastKnownFileType = file.storyboard; name = Base; path = Base.lproj/Main.storyboard; sourceTree = "<group>"; };
		6EC1EE2C29E07688000DA70F /* Neko_Swift.entitlements */ = {isa = PBXFileReference; lastKnownFileType = text.plist.entitlements; path = Neko_Swift.entitlements; sourceTree = "<group>"; };
		6EC1EE3229E0777E000DA70F /* NekoPanel.swift */ = {isa = PBXFileReference; lastKnownFileType = sourcecode.swift; path = NekoPanel.swift; sourceTree = "<group>"; };
		6EC1EE3529E07D28000DA70F /* up1.gif */ = {isa = PBXFileReference; lastKnownFileType = image.gif; path = up1.gif; sourceTree = "<group>"; };
		6EC1EE3629E07D28000DA70F /* dwleft1.gif */ = {isa = PBXFileReference; lastKnownFileType = image.gif; path = dwleft1.gif; sourceTree = "<group>"; };
		6EC1EE3729E07D28000DA70F /* left2.gif */ = {isa = PBXFileReference; lastKnownFileType = image.gif; path = left2.gif; sourceTree = "<group>"; };
		6EC1EE3829E07D28000DA70F /* upright2.gif */ = {isa = PBXFileReference; lastKnownFileType = image.gif; path = upright2.gif; sourceTree = "<group>"; };
		6EC1EE3929E07D28000DA70F /* upleft2.gif */ = {isa = PBXFileReference; lastKnownFileType = image.gif; path = upleft2.gif; sourceTree = "<group>"; };
		6EC1EE3A29E07D28000DA70F /* down2.gif */ = {isa = PBXFileReference; lastKnownFileType = image.gif; path = down2.gif; sourceTree = "<group>"; };
		6EC1EE3B29E07D28000DA70F /* kaki1.gif */ = {isa = PBXFileReference; lastKnownFileType = image.gif; path = kaki1.gif; sourceTree = "<group>"; };
		6EC1EE3C29E07D28000DA70F /* mati2.gif */ = {isa = PBXFileReference; lastKnownFileType = image.gif; path = mati2.gif; sourceTree = "<group>"; };
		6EC1EE3D29E07D28000DA70F /* ltogi2.gif */ = {isa = PBXFileReference; lastKnownFileType = image.gif; path = ltogi2.gif; sourceTree = "<group>"; };
		6EC1EE3E29E07D28000DA70F /* dtogi2.gif */ = {isa = PBXFileReference; lastKnownFileType = image.gif; path = dtogi2.gif; sourceTree = "<group>"; };
		6EC1EE3F29E07D28000DA70F /* utogi2.gif */ = {isa = PBXFileReference; lastKnownFileType = image.gif; path = utogi2.gif; sourceTree = "<group>"; };
		6EC1EE4029E07D28000DA70F /* left1.gif */ = {isa = PBXFileReference; lastKnownFileType = image.gif; path = left1.gif; sourceTree = "<group>"; };
		6EC1EE4129E07D28000DA70F /* awake.gif */ = {isa = PBXFileReference; lastKnownFileType = image.gif; path = awake.gif; sourceTree = "<group>"; };
		6EC1EE4229E07D28000DA70F /* right2.gif */ = {isa = PBXFileReference; lastKnownFileType = image.gif; path = right2.gif; sourceTree = "<group>"; };
		6EC1EE4329E07D28000DA70F /* ltogi1.gif */ = {isa = PBXFileReference; lastKnownFileType = image.gif; path = ltogi1.gif; sourceTree = "<group>"; };
		6EC1EE4429E07D29000DA70F /* up2.gif */ = {isa = PBXFileReference; lastKnownFileType = image.gif; path = up2.gif; sourceTree = "<group>"; };
		6EC1EE4529E07D29000DA70F /* kaki2.gif */ = {isa = PBXFileReference; lastKnownFileType = image.gif; path = kaki2.gif; sourceTree = "<group>"; };
		6EC1EE4629E07D29000DA70F /* utogi1.gif */ = {isa = PBXFileReference; lastKnownFileType = image.gif; path = utogi1.gif; sourceTree = "<group>"; };
		6EC1EE4729E07D29000DA70F /* jare2.gif */ = {isa = PBXFileReference; lastKnownFileType = image.gif; path = jare2.gif; sourceTree = "<group>"; };
		6EC1EE4829E07D29000DA70F /* dtogi1.gif */ = {isa = PBXFileReference; lastKnownFileType = image.gif; path = dtogi1.gif; sourceTree = "<group>"; };
		6EC1EE4929E07D29000DA70F /* mati3.gif */ = {isa = PBXFileReference; lastKnownFileType = image.gif; path = mati3.gif; sourceTree = "<group>"; };
		6EC1EE4A29E07D29000DA70F /* down1.gif */ = {isa = PBXFileReference; lastKnownFileType = image.gif; path = down1.gif; sourceTree = "<group>"; };
		6EC1EE4B29E07D29000DA70F /* right1.gif */ = {isa = PBXFileReference; lastKnownFileType = image.gif; path = right1.gif; sourceTree = "<group>"; };
		6EC1EE4C29E07D29000DA70F /* sleep1.gif */ = {isa = PBXFileReference; lastKnownFileType = image.gif; path = sleep1.gif; sourceTree = "<group>"; };
		6EC1EE4D29E07D29000DA70F /* upright1.gif */ = {isa = PBXFileReference; lastKnownFileType = image.gif; path = upright1.gif; sourceTree = "<group>"; };
		6EC1EE4E29E07D29000DA70F /* sleep2.gif */ = {isa = PBXFileReference; lastKnownFileType = image.gif; path = sleep2.gif; sourceTree = "<group>"; };
		6EC1EE4F29E07D29000DA70F /* dwleft2.gif */ = {isa = PBXFileReference; lastKnownFileType = image.gif; path = dwleft2.gif; sourceTree = "<group>"; };
		6EC1EE5029E07D29000DA70F /* dwright2.gif */ = {isa = PBXFileReference; lastKnownFileType = image.gif; path = dwright2.gif; sourceTree = "<group>"; };
		6EC1EE5129E07D29000DA70F /* rtogi1.gif */ = {isa = PBXFileReference; lastKnownFileType = image.gif; path = rtogi1.gif; sourceTree = "<group>"; };
		6EC1EE5229E07D29000DA70F /* rtogi2.gif */ = {isa = PBXFileReference; lastKnownFileType = image.gif; path = rtogi2.gif; sourceTree = "<group>"; };
		6EC1EE5329E07D29000DA70F /* upleft1.gif */ = {isa = PBXFileReference; lastKnownFileType = image.gif; path = upleft1.gif; sourceTree = "<group>"; };
		6EC1EE5429E07D29000DA70F /* dwright1.gif */ = {isa = PBXFileReference; lastKnownFileType = image.gif; path = dwright1.gif; sourceTree = "<group>"; };
		6EC1EE7529E093C3000DA70F /* NekoView.swift */ = {isa = PBXFileReference; lastKnownFileType = sourcecode.swift; path = NekoView.swift; sourceTree = "<group>"; };
		6EF1115829E124BC006A7F18 /* NekoImages.swift */ = {isa = PBXFileReference; lastKnownFileType = sourcecode.swift; path = NekoImages.swift; sourceTree = "<group>"; };
		6EF1115A29E12707006A7F18 /* NekoState.swift */ = {isa = PBXFileReference; lastKnownFileType = sourcecode.swift; path = NekoState.swift; sourceTree = "<group>"; };
		6EF1115C29E1F972006A7F18 /* Neko.icns */ = {isa = PBXFileReference; lastKnownFileType = image.icns; name = Neko.icns; path = "Neko-Swift/Resources/Neko.icns"; sourceTree = SOURCE_ROOT; };
		6EF1116029E1FD10006A7F18 /* Info.plist */ = {isa = PBXFileReference; lastKnownFileType = text.plist.xml; path = Info.plist; sourceTree = "<group>"; };
		6EF1116229E211FC006A7F18 /* NekoNotifications.swift */ = {isa = PBXFileReference; lastKnownFileType = sourcecode.swift; path = NekoNotifications.swift; sourceTree = "<group>"; };
/* End PBXFileReference section */

/* Begin PBXFrameworksBuildPhase section */
		6EC1EE1D29E07687000DA70F /* Frameworks */ = {
			isa = PBXFrameworksBuildPhase;
			buildActionMask = 2147483647;
			files = (
			);
			runOnlyForDeploymentPostprocessing = 0;
		};
/* End PBXFrameworksBuildPhase section */

/* Begin PBXGroup section */
		6EC1EE1729E07686000DA70F = {
			isa = PBXGroup;
			children = (
				6EC1EE2229E07687000DA70F /* Neko-Swift */,
				6EC1EE2129E07687000DA70F /* Products */,
			);
			sourceTree = "<group>";
		};
		6EC1EE2129E07687000DA70F /* Products */ = {
			isa = PBXGroup;
			children = (
				6EC1EE2029E07687000DA70F /* Neko-Swift.app */,
			);
			name = Products;
			sourceTree = "<group>";
		};
		6EC1EE2229E07687000DA70F /* Neko-Swift */ = {
			isa = PBXGroup;
			children = (
				6EC1EE3429E07CE7000DA70F /* Resources */,
				6EC1EE2329E07687000DA70F /* AppDelegate.swift */,
				6EF1116229E211FC006A7F18 /* NekoNotifications.swift */,
				6EC1EE2529E07687000DA70F /* NekoViewController.swift */,
				6EC1EE7529E093C3000DA70F /* NekoView.swift */,
				6EC1EE3229E0777E000DA70F /* NekoPanel.swift */,
				6EF1115829E124BC006A7F18 /* NekoImages.swift */,
				6EF1115A29E12707006A7F18 /* NekoState.swift */,
				6EC1EE2729E07688000DA70F /* Assets.xcassets */,
				6EC1EE2929E07688000DA70F /* Main.storyboard */,
				6EC1EE2C29E07688000DA70F /* Neko_Swift.entitlements */,
				6EF1116029E1FD10006A7F18 /* Info.plist */,
			);
			path = "Neko-Swift";
			sourceTree = "<group>";
		};
		6EC1EE3429E07CE7000DA70F /* Resources */ = {
			isa = PBXGroup;
			children = (
				6EF1115C29E1F972006A7F18 /* Neko.icns */,
				6EC1EE4129E07D28000DA70F /* awake.gif */,
				6EC1EE4A29E07D29000DA70F /* down1.gif */,
				6EC1EE3A29E07D28000DA70F /* down2.gif */,
				6EC1EE4829E07D29000DA70F /* dtogi1.gif */,
				6EC1EE3E29E07D28000DA70F /* dtogi2.gif */,
				6EC1EE3629E07D28000DA70F /* dwleft1.gif */,
				6EC1EE4F29E07D29000DA70F /* dwleft2.gif */,
				6EC1EE5429E07D29000DA70F /* dwright1.gif */,
				6EC1EE5029E07D29000DA70F /* dwright2.gif */,
				6EC1EE4729E07D29000DA70F /* jare2.gif */,
				6EC1EE3B29E07D28000DA70F /* kaki1.gif */,
				6EC1EE4529E07D29000DA70F /* kaki2.gif */,
				6EC1EE4029E07D28000DA70F /* left1.gif */,
				6EC1EE3729E07D28000DA70F /* left2.gif */,
				6EC1EE4329E07D28000DA70F /* ltogi1.gif */,
				6EC1EE3D29E07D28000DA70F /* ltogi2.gif */,
				6EC1EE3C29E07D28000DA70F /* mati2.gif */,
				6EC1EE4929E07D29000DA70F /* mati3.gif */,
				6EC1EE4B29E07D29000DA70F /* right1.gif */,
				6EC1EE4229E07D28000DA70F /* right2.gif */,
				6EC1EE5129E07D29000DA70F /* rtogi1.gif */,
				6EC1EE5229E07D29000DA70F /* rtogi2.gif */,
				6EC1EE4C29E07D29000DA70F /* sleep1.gif */,
				6EC1EE4E29E07D29000DA70F /* sleep2.gif */,
				6EC1EE3529E07D28000DA70F /* up1.gif */,
				6EC1EE4429E07D29000DA70F /* up2.gif */,
				6EC1EE5329E07D29000DA70F /* upleft1.gif */,
				6EC1EE3929E07D28000DA70F /* upleft2.gif */,
				6EC1EE4D29E07D29000DA70F /* upright1.gif */,
				6EC1EE3829E07D28000DA70F /* upright2.gif */,
				6EC1EE4629E07D29000DA70F /* utogi1.gif */,
				6EC1EE3F29E07D28000DA70F /* utogi2.gif */,
			);
			path = Resources;
			sourceTree = "<group>";
		};
/* End PBXGroup section */

/* Begin PBXNativeTarget section */
		6EC1EE1F29E07687000DA70F /* Neko-Swift */ = {
			isa = PBXNativeTarget;
			buildConfigurationList = 6EC1EE2F29E07688000DA70F /* Build configuration list for PBXNativeTarget "Neko-Swift" */;
			buildPhases = (
				6EC1EE1C29E07687000DA70F /* Sources */,
				6EC1EE1D29E07687000DA70F /* Frameworks */,
				6EC1EE1E29E07687000DA70F /* Resources */,
			);
			buildRules = (
			);
			dependencies = (
			);
			name = "Neko-Swift";
			productName = "Neko-Swift";
			productReference = 6EC1EE2029E07687000DA70F /* Neko-Swift.app */;
			productType = "com.apple.product-type.application";
		};
/* End PBXNativeTarget section */

/* Begin PBXProject section */
		6EC1EE1829E07687000DA70F /* Project object */ = {
			isa = PBXProject;
			attributes = {
				BuildIndependentTargetsInParallel = 1;
				LastSwiftUpdateCheck = 1410;
				LastUpgradeCheck = 1410;
				TargetAttributes = {
					6EC1EE1F29E07687000DA70F = {
						CreatedOnToolsVersion = 14.1;
					};
				};
			};
			buildConfigurationList = 6EC1EE1B29E07687000DA70F /* Build configuration list for PBXProject "Neko-Swift" */;
			compatibilityVersion = "Xcode 14.0";
			developmentRegion = en;
			hasScannedForEncodings = 0;
			knownRegions = (
				en,
				Base,
			);
			mainGroup = 6EC1EE1729E07686000DA70F;
			productRefGroup = 6EC1EE2129E07687000DA70F /* Products */;
			projectDirPath = "";
			projectRoot = "";
			targets = (
				6EC1EE1F29E07687000DA70F /* Neko-Swift */,
			);
		};
/* End PBXProject section */

/* Begin PBXResourcesBuildPhase section */
		6EC1EE1E29E07687000DA70F /* Resources */ = {
			isa = PBXResourcesBuildPhase;
			buildActionMask = 2147483647;
			files = (
				6EC1EE5F29E07D29000DA70F /* utogi2.gif in Resources */,
				6EC1EE6F29E07D29000DA70F /* dwleft2.gif in Resources */,
				6EC1EE5529E07D29000DA70F /* up1.gif in Resources */,
				6EC1EE6929E07D29000DA70F /* mati3.gif in Resources */,
				6EC1EE5729E07D29000DA70F /* left2.gif in Resources */,
				6EC1EE7229E07D29000DA70F /* rtogi2.gif in Resources */,
				6EC1EE6B29E07D29000DA70F /* right1.gif in Resources */,
				6EC1EE6D29E07D29000DA70F /* upright1.gif in Resources */,
				6EC1EE6629E07D29000DA70F /* utogi1.gif in Resources */,
				6EC1EE6C29E07D29000DA70F /* sleep1.gif in Resources */,
				6EC1EE7429E07D29000DA70F /* dwright1.gif in Resources */,
				6EF1115D29E1F972006A7F18 /* Neko.icns in Resources */,
				6EC1EE7029E07D29000DA70F /* dwright2.gif in Resources */,
				6EC1EE6829E07D29000DA70F /* dtogi1.gif in Resources */,
				6EC1EE2829E07688000DA70F /* Assets.xcassets in Resources */,
				6EC1EE5E29E07D29000DA70F /* dtogi2.gif in Resources */,
				6EC1EE6029E07D29000DA70F /* left1.gif in Resources */,
				6EC1EE5929E07D29000DA70F /* upleft2.gif in Resources */,
				6EC1EE6529E07D29000DA70F /* kaki2.gif in Resources */,
				6EC1EE6729E07D29000DA70F /* jare2.gif in Resources */,
				6EF1116129E1FD10006A7F18 /* Info.plist in Resources */,
				6EC1EE5B29E07D29000DA70F /* kaki1.gif in Resources */,
				6EC1EE5629E07D29000DA70F /* dwleft1.gif in Resources */,
				6EC1EE6E29E07D29000DA70F /* sleep2.gif in Resources */,
				6EC1EE2B29E07688000DA70F /* Main.storyboard in Resources */,
				6EC1EE5D29E07D29000DA70F /* ltogi2.gif in Resources */,
				6EC1EE6329E07D29000DA70F /* ltogi1.gif in Resources */,
				6EC1EE6429E07D29000DA70F /* up2.gif in Resources */,
				6EC1EE5829E07D29000DA70F /* upright2.gif in Resources */,
				6EC1EE5C29E07D29000DA70F /* mati2.gif in Resources */,
				6EC1EE6129E07D29000DA70F /* awake.gif in Resources */,
				6EC1EE7129E07D29000DA70F /* rtogi1.gif in Resources */,
				6EC1EE6229E07D29000DA70F /* right2.gif in Resources */,
				6EC1EE6A29E07D29000DA70F /* down1.gif in Resources */,
				6EC1EE7329E07D29000DA70F /* upleft1.gif in Resources */,
				6EC1EE5A29E07D29000DA70F /* down2.gif in Resources */,
			);
			runOnlyForDeploymentPostprocessing = 0;
		};
/* End PBXResourcesBuildPhase section */

/* Begin PBXSourcesBuildPhase section */
		6EC1EE1C29E07687000DA70F /* Sources */ = {
			isa = PBXSourcesBuildPhase;
			buildActionMask = 2147483647;
			files = (
				6EF1115B29E12707006A7F18 /* NekoState.swift in Sources */,
				6EF1116429E2129C006A7F18 /* NekoNotifications.swift in Sources */,
				6EC1EE2629E07687000DA70F /* NekoViewController.swift in Sources */,
				6EF1115929E124BC006A7F18 /* NekoImages.swift in Sources */,
				6EC1EE7629E093C3000DA70F /* NekoView.swift in Sources */,
				6EC1EE2429E07687000DA70F /* AppDelegate.swift in Sources */,
				6EC1EE3329E0777E000DA70F /* NekoPanel.swift in Sources */,
			);
			runOnlyForDeploymentPostprocessing = 0;
		};
/* End PBXSourcesBuildPhase section */

/* Begin PBXVariantGroup section */
		6EC1EE2929E07688000DA70F /* Main.storyboard */ = {
			isa = PBXVariantGroup;
			children = (
				6EC1EE2A29E07688000DA70F /* Base */,
			);
			name = Main.storyboard;
			sourceTree = "<group>";
		};
/* End PBXVariantGroup section */

/* Begin XCBuildConfiguration section */
		6EC1EE2D29E07688000DA70F /* Debug */ = {
			isa = XCBuildConfiguration;
			buildSettings = {
				ALWAYS_SEARCH_USER_PATHS = NO;
				CLANG_ANALYZER_NONNULL = YES;
				CLANG_ANALYZER_NUMBER_OBJECT_CONVERSION = YES_AGGRESSIVE;
				CLANG_CXX_LANGUAGE_STANDARD = "gnu++20";
				CLANG_ENABLE_MODULES = YES;
				CLANG_ENABLE_OBJC_ARC = YES;
				CLANG_ENABLE_OBJC_WEAK = YES;
				CLANG_WARN_BLOCK_CAPTURE_AUTORELEASING = YES;
				CLANG_WARN_BOOL_CONVERSION = YES;
				CLANG_WARN_COMMA = YES;
				CLANG_WARN_CONSTANT_CONVERSION = YES;
				CLANG_WARN_DEPRECATED_OBJC_IMPLEMENTATIONS = YES;
				CLANG_WARN_DIRECT_OBJC_ISA_USAGE = YES_ERROR;
				CLANG_WARN_DOCUMENTATION_COMMENTS = YES;
				CLANG_WARN_EMPTY_BODY = YES;
				CLANG_WARN_ENUM_CONVERSION = YES;
				CLANG_WARN_INFINITE_RECURSION = YES;
				CLANG_WARN_INT_CONVERSION = YES;
				CLANG_WARN_NON_LITERAL_NULL_CONVERSION = YES;
				CLANG_WARN_OBJC_IMPLICIT_RETAIN_SELF = YES;
				CLANG_WARN_OBJC_LITERAL_CONVERSION = YES;
				CLANG_WARN_OBJC_ROOT_CLASS = YES_ERROR;
				CLANG_WARN_QUOTED_INCLUDE_IN_FRAMEWORK_HEADER = YES;
				CLANG_WARN_RANGE_LOOP_ANALYSIS = YES;
				CLANG_WARN_STRICT_PROTOTYPES = YES;
				CLANG_WARN_SUSPICIOUS_MOVE = YES;
				CLANG_WARN_UNGUARDED_AVAILABILITY = YES_AGGRESSIVE;
				CLANG_WARN_UNREACHABLE_CODE = YES;
				CLANG_WARN__DUPLICATE_METHOD_MATCH = YES;
				COPY_PHASE_STRIP = NO;
				DEBUG_INFORMATION_FORMAT = dwarf;
				ENABLE_STRICT_OBJC_MSGSEND = YES;
				ENABLE_TESTABILITY = YES;
				GCC_C_LANGUAGE_STANDARD = gnu11;
				GCC_DYNAMIC_NO_PIC = NO;
				GCC_NO_COMMON_BLOCKS = YES;
				GCC_OPTIMIZATION_LEVEL = 0;
				GCC_PREPROCESSOR_DEFINITIONS = (
					"DEBUG=1",
					"$(inherited)",
				);
				GCC_WARN_64_TO_32_BIT_CONVERSION = YES;
				GCC_WARN_ABOUT_RETURN_TYPE = YES_ERROR;
				GCC_WARN_UNDECLARED_SELECTOR = YES;
				GCC_WARN_UNINITIALIZED_AUTOS = YES_AGGRESSIVE;
				GCC_WARN_UNUSED_FUNCTION = YES;
				GCC_WARN_UNUSED_VARIABLE = YES;
				INFOPLIST_FILE = "Neko-Swft/Info.plist";
				MACOSX_DEPLOYMENT_TARGET = 12.0;
				MTL_ENABLE_DEBUG_INFO = INCLUDE_SOURCE;
				MTL_FAST_MATH = YES;
				ONLY_ACTIVE_ARCH = YES;
				SDKROOT = macosx;
				SWIFT_ACTIVE_COMPILATION_CONDITIONS = DEBUG;
				SWIFT_OPTIMIZATION_LEVEL = "-Onone";
			};
			name = Debug;
		};
		6EC1EE2E29E07688000DA70F /* Release */ = {
			isa = XCBuildConfiguration;
			buildSettings = {
				ALWAYS_SEARCH_USER_PATHS = NO;
				CLANG_ANALYZER_NONNULL = YES;
				CLANG_ANALYZER_NUMBER_OBJECT_CONVERSION = YES_AGGRESSIVE;
				CLANG_CXX_LANGUAGE_STANDARD = "gnu++20";
				CLANG_ENABLE_MODULES = YES;
				CLANG_ENABLE_OBJC_ARC = YES;
				CLANG_ENABLE_OBJC_WEAK = YES;
				CLANG_WARN_BLOCK_CAPTURE_AUTORELEASING = YES;
				CLANG_WARN_BOOL_CONVERSION = YES;
				CLANG_WARN_COMMA = YES;
				CLANG_WARN_CONSTANT_CONVERSION = YES;
				CLANG_WARN_DEPRECATED_OBJC_IMPLEMENTATIONS = YES;
				CLANG_WARN_DIRECT_OBJC_ISA_USAGE = YES_ERROR;
				CLANG_WARN_DOCUMENTATION_COMMENTS = YES;
				CLANG_WARN_EMPTY_BODY = YES;
				CLANG_WARN_ENUM_CONVERSION = YES;
				CLANG_WARN_INFINITE_RECURSION = YES;
				CLANG_WARN_INT_CONVERSION = YES;
				CLANG_WARN_NON_LITERAL_NULL_CONVERSION = YES;
				CLANG_WARN_OBJC_IMPLICIT_RETAIN_SELF = YES;
				CLANG_WARN_OBJC_LITERAL_CONVERSION = YES;
				CLANG_WARN_OBJC_ROOT_CLASS = YES_ERROR;
				CLANG_WARN_QUOTED_INCLUDE_IN_FRAMEWORK_HEADER = YES;
				CLANG_WARN_RANGE_LOOP_ANALYSIS = YES;
				CLANG_WARN_STRICT_PROTOTYPES = YES;
				CLANG_WARN_SUSPICIOUS_MOVE = YES;
				CLANG_WARN_UNGUARDED_AVAILABILITY = YES_AGGRESSIVE;
				CLANG_WARN_UNREACHABLE_CODE = YES;
				CLANG_WARN__DUPLICATE_METHOD_MATCH = YES;
				COPY_PHASE_STRIP = NO;
				DEBUG_INFORMATION_FORMAT = "dwarf-with-dsym";
				ENABLE_NS_ASSERTIONS = NO;
				ENABLE_STRICT_OBJC_MSGSEND = YES;
				GCC_C_LANGUAGE_STANDARD = gnu11;
				GCC_NO_COMMON_BLOCKS = YES;
				GCC_WARN_64_TO_32_BIT_CONVERSION = YES;
				GCC_WARN_ABOUT_RETURN_TYPE = YES_ERROR;
				GCC_WARN_UNDECLARED_SELECTOR = YES;
				GCC_WARN_UNINITIALIZED_AUTOS = YES_AGGRESSIVE;
				GCC_WARN_UNUSED_FUNCTION = YES;
				GCC_WARN_UNUSED_VARIABLE = YES;
				INFOPLIST_FILE = "Neko-Swft/Info.plist";
				MACOSX_DEPLOYMENT_TARGET = 12.0;
				MTL_ENABLE_DEBUG_INFO = NO;
				MTL_FAST_MATH = YES;
				SDKROOT = macosx;
				SWIFT_COMPILATION_MODE = wholemodule;
				SWIFT_OPTIMIZATION_LEVEL = "-O";
			};
			name = Release;
		};
		6EC1EE3029E07688000DA70F /* Debug */ = {
			isa = XCBuildConfiguration;
			buildSettings = {
				ASSETCATALOG_COMPILER_APPICON_NAME = AppIcon;
				ASSETCATALOG_COMPILER_GLOBAL_ACCENT_COLOR_NAME = AccentColor;
				CODE_SIGN_ENTITLEMENTS = "Neko-Swift/Neko_Swift.entitlements";
				CODE_SIGN_STYLE = Automatic;
				COMBINE_HIDPI_IMAGES = YES;
				CURRENT_PROJECT_VERSION = 1;
				DEVELOPMENT_TEAM = K36HYHZA7X;
				ENABLE_HARDENED_RUNTIME = YES;
				GENERATE_INFOPLIST_FILE = YES;
				INFOPLIST_FILE = "Neko-Swift/Info.plist";
				INFOPLIST_KEY_CFBundleDisplayName = Neko;
				INFOPLIST_KEY_LSApplicationCategoryType = "public.app-category.utilities";
				INFOPLIST_KEY_MetalCaptureEnabled = NO;
				INFOPLIST_KEY_NSHumanReadableCopyright = "";
				INFOPLIST_KEY_NSMainStoryboardFile = Main;
				INFOPLIST_KEY_NSPrincipalClass = NSApplication;
				LD_RUNPATH_SEARCH_PATHS = (
					"$(inherited)",
					"@executable_path/../Frameworks",
				);
				MACOSX_DEPLOYMENT_TARGET = 12.0;
				MARKETING_VERSION = 1.0;
				PRODUCT_BUNDLE_IDENTIFIER = "com.lontronix.Neko-Swift";
				PRODUCT_NAME = "$(TARGET_NAME)";
				SWIFT_EMIT_LOC_STRINGS = YES;
				SWIFT_VERSION = 5.0;
			};
			name = Debug;
		};
		6EC1EE3129E07688000DA70F /* Release */ = {
			isa = XCBuildConfiguration;
			buildSettings = {
				ASSETCATALOG_COMPILER_APPICON_NAME = AppIcon;
				ASSETCATALOG_COMPILER_GLOBAL_ACCENT_COLOR_NAME = AccentColor;
				CODE_SIGN_ENTITLEMENTS = "Neko-Swift/Neko_Swift.entitlements";
				CODE_SIGN_STYLE = Automatic;
				COMBINE_HIDPI_IMAGES = YES;
				CURRENT_PROJECT_VERSION = 1;
				DEVELOPMENT_TEAM = K36HYHZA7X;
				ENABLE_HARDENED_RUNTIME = YES;
				GENERATE_INFOPLIST_FILE = YES;
				INFOPLIST_FILE = "Neko-Swift/Info.plist";
				INFOPLIST_KEY_CFBundleDisplayName = Neko;
				INFOPLIST_KEY_LSApplicationCategoryType = "public.app-category.utilities";
				INFOPLIST_KEY_MetalCaptureEnabled = NO;
				INFOPLIST_KEY_NSHumanReadableCopyright = "";
				INFOPLIST_KEY_NSMainStoryboardFile = Main;
				INFOPLIST_KEY_NSPrincipalClass = NSApplication;
				LD_RUNPATH_SEARCH_PATHS = (
					"$(inherited)",
					"@executable_path/../Frameworks",
				);
				MACOSX_DEPLOYMENT_TARGET = 12.0;
				MARKETING_VERSION = 1.0;
				PRODUCT_BUNDLE_IDENTIFIER = "com.lontronix.Neko-Swift";
				PRODUCT_NAME = "$(TARGET_NAME)";
				SWIFT_EMIT_LOC_STRINGS = YES;
				SWIFT_VERSION = 5.0;
			};
			name = Release;
		};
/* End XCBuildConfiguration section */

/* Begin XCConfigurationList section */
		6EC1EE1B29E07687000DA70F /* Build configuration list for PBXProject "Neko-Swift" */ = {
			isa = XCConfigurationList;
			buildConfigurations = (
				6EC1EE2D29E07688000DA70F /* Debug */,
				6EC1EE2E29E07688000DA70F /* Release */,
			);
			defaultConfigurationIsVisible = 0;
			defaultConfigurationName = Release;
		};
		6EC1EE2F29E07688000DA70F /* Build configuration list for PBXNativeTarget "Neko-Swift" */ = {
			isa = XCConfigurationList;
			buildConfigurations = (
				6EC1EE3029E07688000DA70F /* Debug */,
				6EC1EE3129E07688000DA70F /* Release */,
			);
			defaultConfigurationIsVisible = 0;
			defaultConfigurationName = Release;
		};
/* End XCConfigurationList section */
	};
	rootObject = 6EC1EE1829E07687000DA70F /* Project object */;
}
